# THIS IS AN AUTOGENERATED FILE. DO NOT EDIT THIS FILE DIRECTLY.
# yarn lockfile v1


"@uttttti/my-ui@0.0.2":
  version "0.0.2"
  resolved "https://npm.pkg.github.com/download/@uttttti/my-ui/0.0.2/16572766228ad31fb8b76f4cac118298343ed5d03171c6b1c28ac14e2d41e275#d5666b2aa71d6205ecb223c478d4730161dfb4ee"
  integrity sha512-wRIEg4nI0KHaf7/t2vKSKfKjv+iBTQTjtvcWw47YaGjskX3l3dWE48VxKoeVNaOJDiO1hvAN/GbuOcKXTdS3fw==

typescript@^4.6.4:
  version "4.6.4"
  resolved "https://registry.yarnpkg.com/typescript/-/typescript-4.6.4.tgz#caa78bbc3a59e6a5c510d35703f6a09877ce45e9"
  integrity sha512-9ia/jWHIEbo49HfjrLGfKbZSuWo9iTMwXO+Ca3pRsSpbsMbc7/IU8NKdCZVRRBafVPGnoJeFL76ZOAA84I9fEg==
