# THIS IS AN AUTOGENERATED FILE. DO NOT EDIT THIS FILE DIRECTLY.
# yarn lockfile v1


"@uttttti/my-ui@0.0.0":
  version "0.0.0"
  resolved "https://npm.pkg.github.com/download/@uttttti/my-ui/0.0.0/ead956719e41e15e71dbca22a72096cce1b40900b412d32ce421fe0b41ec8644#909479fee40f87a44e2bb81e336da004f1f298db"
  integrity sha512-CEgaMifokwF0ylbk4fE46lsgZyXjRKa9HljMdRFvSEQaJyFBaMuV5LtRXLx5ONrmPpE2QP9WSa19VG+YrLcAGQ==

typescript@^4.6.4:
  version "4.6.4"
  resolved "https://registry.yarnpkg.com/typescript/-/typescript-4.6.4.tgz#caa78bbc3a59e6a5c510d35703f6a09877ce45e9"
  integrity sha512-9ia/jWHIEbo49HfjrLGfKbZSuWo9iTMwXO+Ca3pRsSpbsMbc7/IU8NKdCZVRRBafVPGnoJeFL76ZOAA84I9fEg==
